
Microsoft Visual Studio Solution File, Format Version 12.00
# Visual Studio Version 17
VisualStudioVersion = 17.12.35527.113
MinimumVisualStudioVersion = 10.0.40219.1
Project("{FAE04EC0-301F-11D3-BF4B-00C04F79EFBC}") = "DayOne", "DayOne\DayOne.csproj", "{FAA4137D-5E0D-4999-8467-45C999325649}"
EndProject
Project("{FAE04EC0-301F-11D3-BF4B-00C04F79EFBC}") = "DayTwo", "DayTwo\DayTwo.csproj", "{38BFCE73-57E4-4A9E-BFDE-155B682FB116}"
EndProject
Project("{FAE04EC0-301F-11D3-BF4B-00C04F79EFBC}") = "DayThree", "DayThree\DayThree.csproj", "{6C197B92-5737-4869-8268-C6850FE81461}"
EndProject
Global
	GlobalSection(SolutionConfigurationPlatforms) = preSolution
		Debug|Any CPU = Debug|Any CPU
		Release|Any CPU = Release|Any CPU
	EndGlobalSection
	GlobalSection(ProjectConfigurationPlatforms) = postSolution
		{FAA4137D-5E0D-4999-8467-45C999325649}.Debug|Any CPU.ActiveCfg = Debug|Any CPU
		{FAA4137D-5E0D-4999-8467-45C999325649}.Debug|Any CPU.Build.0 = Debug|Any CPU
		{FAA4137D-5E0D-4999-8467-45C999325649}.Release|Any CPU.ActiveCfg = Release|Any CPU
		{FAA4137D-5E0D-4999-8467-45C999325649}.Release|Any CPU.Build.0 = Release|Any CPU
		{38BFCE73-57E4-4A9E-BFDE-155B682FB116}.Debug|Any CPU.ActiveCfg = Debug|Any CPU
		{38BFCE73-57E4-4A9E-BFDE-155B682FB116}.Debug|Any CPU.Build.0 = Debug|Any CPU
		{38BFCE73-57E4-4A9E-BFDE-155B682FB116}.Release|Any CPU.ActiveCfg = Release|Any CPU
		{38BFCE73-57E4-4A9E-BFDE-155B682FB116}.Release|Any CPU.Build.0 = Release|Any CPU
		{6C197B92-5737-4869-8268-C6850FE81461}.Debug|Any CPU.ActiveCfg = Debug|Any CPU
		{6C197B92-5737-4869-8268-C6850FE81461}.Debug|Any CPU.Build.0 = Debug|Any CPU
		{6C197B92-5737-4869-8268-C6850FE81461}.Release|Any CPU.ActiveCfg = Release|Any CPU
		{6C197B92-5737-4869-8268-C6850FE81461}.Release|Any CPU.Build.0 = Release|Any CPU
	EndGlobalSection
	GlobalSection(SolutionProperties) = preSolution
		HideSolutionNode = FALSE
	EndGlobalSection
EndGlobal
